{
  "name": "student-score-mange-web",
  "version": "0.1.0",
  "lockfileVersion": 1,
  "requires": true,
  "dependencies": {
    "classnames": {
      "version": "2.2.6",
      "resolved": "https://registry.npm.taobao.org/classnames/download/classnames-2.2.6.tgz?cache=0&sync_timestamp=1589682470447&other_urls=https%3A%2F%2Fregistry.npm.taobao.org%2Fclassnames%2Fdownload%2Fclassnames-2.2.6.tgz",
      "integrity": "sha1-Q5Nb/90pHzJtrQogUwmzjQD2UM4="
    },
    "core-js": {
      "version": "3.6.5",
      "resolved": "https://registry.npm.taobao.org/core-js/download/core-js-3.6.5.tgz",
      "integrity": "sha1-c5XcJzrzf7LlDpvT2f6EEoUjHRo="
    },
    "feather-icons": {
      "version": "4.28.0",
      "resolved": "https://registry.npm.taobao.org/feather-icons/download/feather-icons-4.28.0.tgz",
      "integrity": "sha1-4YkqQB/hLEVZKRdw/25osBaOdg8=",
      "requires": {
        "classnames": "^2.2.5",
        "core-js": "^3.1.3"
      }
    }
  }
}
